
Microsoft Visual Studio Solution File, Format Version 12.00
# Visual Studio 15
VisualStudioVersion = 15.0.27130.2010
MinimumVisualStudioVersion = 10.0.40219.1
Project("{FAE04EC0-301F-11D3-BF4B-00C04F79EFBC}") = "Recognition of Handwritten Digits", "Recognition of Handwrited Digits\Recognition of Handwritten Digits.csproj", "{F9112CCF-C2BB-45CA-989E-57B3E09178E6}"
EndProject
Global
	GlobalSection(SolutionConfigurationPlatforms) = preSolution
		Debug|Any CPU = Debug|Any CPU
		Release|Any CPU = Release|Any CPU
	EndGlobalSection
	GlobalSection(ProjectConfigurationPlatforms) = postSolution
		{F9112CCF-C2BB-45CA-989E-57B3E09178E6}.Debug|Any CPU.ActiveCfg = Debug|Any CPU
		{F9112CCF-C2BB-45CA-989E-57B3E09178E6}.Debug|Any CPU.Build.0 = Debug|Any CPU
		{F9112CCF-C2BB-45CA-989E-57B3E09178E6}.Release|Any CPU.ActiveCfg = Release|Any CPU
		{F9112CCF-C2BB-45CA-989E-57B3E09178E6}.Release|Any CPU.Build.0 = Release|Any CPU
	EndGlobalSection
	GlobalSection(SolutionProperties) = preSolution
		HideSolutionNode = FALSE
	EndGlobalSection
	GlobalSection(ExtensibilityGlobals) = postSolution
		SolutionGuid = {28E22C46-B0DD-4129-B36B-619EBF46DF7B}
	EndGlobalSection
EndGlobal
